
Microsoft Visual Studio Solution File, Format Version 12.00
# Visual Studio Version 17
VisualStudioVersion = 17.9.34714.143
MinimumVisualStudioVersion = 10.0.40219.1
Project("{2150E333-8FDC-42A3-9474-1A3956D46DE8}") = "src", "src", "{EF85B1AC-8557-4E45-AA9B-F2F613F6F042}"
EndProject
Project("{2150E333-8FDC-42A3-9474-1A3956D46DE8}") = "tests", "tests", "{88FCF9E8-6A43-4213-B438-CFC211E9835D}"
EndProject
Project("{2150E333-8FDC-42A3-9474-1A3956D46DE8}") = "devops", "devops", "{231CDFFE-E861-47B8-9688-FE688B57AFC7}"
EndProject
Project("{2150E333-8FDC-42A3-9474-1A3956D46DE8}") = "API", "API", "{7F57BD4D-83B1-4C0D-A97F-E91CFD2713E0}"
EndProject
Project("{2150E333-8FDC-42A3-9474-1A3956D46DE8}") = "BusinessLogic", "BusinessLogic", "{7399C88A-9776-43E1-B2C1-096FCD39FB17}"
EndProject
Project("{2150E333-8FDC-42A3-9474-1A3956D46DE8}") = "Models", "Models", "{EF307A26-0B98-40E2-BC61-6AF91425DB9B}"
EndProject
Project("{2150E333-8FDC-42A3-9474-1A3956D46DE8}") = "DataAccess", "DataAccess", "{98BC1212-B307-41ED-9E79-64C842B61DAE}"
EndProject
Project("{2150E333-8FDC-42A3-9474-1A3956D46DE8}") = "Utilities", "Utilities", "{36277097-CAFA-4C9D-8D74-F9CE38EE9CFF}"
EndProject
Project("{9A19103F-16F7-4668-BE54-9A1E7A4F7556}") = "BookStore.API", "src\API\BookStore.API.csproj", "{78959AEB-8638-4940-B207-79340ADB8D28}"
EndProject
Project("{FAE04EC0-301F-11D3-BF4B-00C04F79EFBC}") = "BookStore.BusinessLogic", "src\BusinessLogic\BookStore.BusinessLogic\BookStore.BusinessLogic.csproj", "{95E80833-F02E-4BCD-8012-A5DF2B2893D0}"
EndProject
Project("{FAE04EC0-301F-11D3-BF4B-00C04F79EFBC}") = "BookStore.DataAccess", "src\DataAccess\BookStore.DataAccess\BookStore.DataAccess.csproj", "{15F19143-3994-44D4-8BBF-4D504728B351}"
EndProject
Project("{FAE04EC0-301F-11D3-BF4B-00C04F79EFBC}") = "BookStore.Models", "src\Models\BookStore.Models\BookStore.Models.csproj", "{87778441-A366-480B-84C5-80E4AE83F73B}"
EndProject
Project("{FAE04EC0-301F-11D3-BF4B-00C04F79EFBC}") = "BookStore.Utilities", "src\Utilities\BookStore.Utilities\BookStore.Utilities.csproj", "{31A6B307-57E2-436F-B52E-87CCF18A7EAD}"
EndProject
Project("{9A19103F-16F7-4668-BE54-9A1E7A4F7556}") = "BookStore.API.Tests", "tests\BookStore.API.Tests\BookStore.API.Tests.csproj", "{A1B2C3D4-E5F6-4711-AAAA-111111111111}"
EndProject
Project("{9A19103F-16F7-4668-BE54-9A1E7A4F7556}") = "BookStore.BusinessLogic.Tests", "tests\BookStore.BusinessLogic.Tests\BookStore.BusinessLogic.Tests.csproj", "{B2C3D4E5-F6A1-4722-BBBB-222222222222}"
EndProject
Project("{9A19103F-16F7-4668-BE54-9A1E7A4F7556}") = "BookStore.DataAccess.Tests", "tests\BookStore.DataAccess.Tests\BookStore.DataAccess.Tests.csproj", "{C3D4E5F6-A1B2-4733-CCCC-333333333333}"
EndProject
Global
	GlobalSection(SolutionConfigurationPlatforms) = preSolution
		Debug|Any CPU = Debug|Any CPU
		Release|Any CPU = Release|Any CPU
	EndGlobalSection
	GlobalSection(ProjectConfigurationPlatforms) = postSolution
		{78959AEB-8638-4940-B207-79340ADB8D28}.Debug|Any CPU.ActiveCfg = Debug|Any CPU
		{78959AEB-8638-4940-B207-79340ADB8D28}.Debug|Any CPU.Build.0 = Debug|Any CPU
		{78959AEB-8638-4940-B207-79340ADB8D28}.Release|Any CPU.ActiveCfg = Release|Any CPU
		{78959AEB-8638-4940-B207-79340ADB8D28}.Release|Any CPU.Build.0 = Release|Any CPU
		{95E80833-F02E-4BCD-8012-A5DF2B2893D0}.Debug|Any CPU.ActiveCfg = Debug|Any CPU
		{95E80833-F02E-4BCD-8012-A5DF2B2893D0}.Debug|Any CPU.Build.0 = Debug|Any CPU
		{95E80833-F02E-4BCD-8012-A5DF2B2893D0}.Release|Any CPU.ActiveCfg = Release|Any CPU
		{95E80833-F02E-4BCD-8012-A5DF2B2893D0}.Release|Any CPU.Build.0 = Release|Any CPU
		{15F19143-3994-44D4-8BBF-4D504728B351}.Debug|Any CPU.ActiveCfg = Debug|Any CPU
		{15F19143-3994-44D4-8BBF-4D504728B351}.Debug|Any CPU.Build.0 = Debug|Any CPU
		{15F19143-3994-44D4-8BBF-4D504728B351}.Release|Any CPU.ActiveCfg = Release|Any CPU
		{15F19143-3994-44D4-8BBF-4D504728B351}.Release|Any CPU.Build.0 = Release|Any CPU
		{87778441-A366-480B-84C5-80E4AE83F73B}.Debug|Any CPU.ActiveCfg = Debug|Any CPU
		{87778441-A366-480B-84C5-80E4AE83F73B}.Debug|Any CPU.Build.0 = Debug|Any CPU
		{87778441-A366-480B-84C5-80E4AE83F73B}.Release|Any CPU.ActiveCfg = Release|Any CPU
		{87778441-A366-480B-84C5-80E4AE83F73B}.Release|Any CPU.Build.0 = Release|Any CPU
		{31A6B307-57E2-436F-B52E-87CCF18A7EAD}.Debug|Any CPU.ActiveCfg = Debug|Any CPU
		{31A6B307-57E2-436F-B52E-87CCF18A7EAD}.Debug|Any CPU.Build.0 = Debug|Any CPU
		{31A6B307-57E2-436F-B52E-87CCF18A7EAD}.Release|Any CPU.ActiveCfg = Release|Any CPU
		{31A6B307-57E2-436F-B52E-87CCF18A7EAD}.Release|Any CPU.Build.0 = Release|Any CPU
		{A1B2C3D4-E5F6-4711-AAAA-111111111111}.Debug|Any CPU.ActiveCfg = Debug|Any CPU
		{A1B2C3D4-E5F6-4711-AAAA-111111111111}.Debug|Any CPU.Build.0 = Debug|Any CPU
		{A1B2C3D4-E5F6-4711-AAAA-111111111111}.Release|Any CPU.ActiveCfg = Release|Any CPU
		{A1B2C3D4-E5F6-4711-AAAA-111111111111}.Release|Any CPU.Build.0 = Release|Any CPU
		{B2C3D4E5-F6A1-4722-BBBB-222222222222}.Debug|Any CPU.ActiveCfg = Debug|Any CPU
		{B2C3D4E5-F6A1-4722-BBBB-222222222222}.Debug|Any CPU.Build.0 = Debug|Any CPU
		{B2C3D4E5-F6A1-4722-BBBB-222222222222}.Release|Any CPU.ActiveCfg = Release|Any CPU
		{B2C3D4E5-F6A1-4722-BBBB-222222222222}.Release|Any CPU.Build.0 = Release|Any CPU
		{C3D4E5F6-A1B2-4733-CCCC-333333333333}.Debug|Any CPU.ActiveCfg = Debug|Any CPU
		{C3D4E5F6-A1B2-4733-CCCC-333333333333}.Debug|Any CPU.Build.0 = Debug|Any CPU
		{C3D4E5F6-A1B2-4733-CCCC-333333333333}.Release|Any CPU.ActiveCfg = Release|Any CPU
		{C3D4E5F6-A1B2-4733-CCCC-333333333333}.Release|Any CPU.Build.0 = Release|Any CPU
	EndGlobalSection
	GlobalSection(SolutionProperties) = preSolution
		HideSolutionNode = FALSE
	EndGlobalSection
	GlobalSection(NestedProjects) = preSolution
		{7F57BD4D-83B1-4C0D-A97F-E91CFD2713E0} = {EF85B1AC-8557-4E45-AA9B-F2F613F6F042}
		{7399C88A-9776-43E1-B2C1-096FCD39FB17} = {EF85B1AC-8557-4E45-AA9B-F2F613F6F042}
		{EF307A26-0B98-40E2-BC61-6AF91425DB9B} = {EF85B1AC-8557-4E45-AA9B-F2F613F6F042}
		{98BC1212-B307-41ED-9E79-64C842B61DAE} = {EF85B1AC-8557-4E45-AA9B-F2F613F6F042}
		{36277097-CAFA-4C9D-8D74-F9CE38EE9CFF} = {EF85B1AC-8557-4E45-AA9B-F2F613F6F042}
		{78959AEB-8638-4940-B207-79340ADB8D28} = {7F57BD4D-83B1-4C0D-A97F-E91CFD2713E0}
		{95E80833-F02E-4BCD-8012-A5DF2B2893D0} = {7399C88A-9776-43E1-B2C1-096FCD39FB17}
		{15F19143-3994-44D4-8BBF-4D504728B351} = {98BC1212-B307-41ED-9E79-64C842B61DAE}
		{87778441-A366-480B-84C5-80E4AE83F73B} = {EF307A26-0B98-40E2-BC61-6AF91425DB9B}
		{31A6B307-57E2-436F-B52E-87CCF18A7EAD} = {36277097-CAFA-4C9D-8D74-F9CE38EE9CFF}
		{A1B2C3D4-E5F6-4711-AAAA-111111111111} = {88FCF9E8-6A43-4213-B438-CFC211E9835D}
		{B2C3D4E5-F6A1-4722-BBBB-222222222222} = {88FCF9E8-6A43-4213-B438-CFC211E9835D}
		{C3D4E5F6-A1B2-4733-CCCC-333333333333} = {88FCF9E8-6A43-4213-B438-CFC211E9835D}
	EndGlobalSection
	GlobalSection(ExtensibilityGlobals) = postSolution
		SolutionGuid = {F4EAEAAC-D50A-45F5-9B9A-9F2375C10158}
	EndGlobalSection
EndGlobal
